<?xml version="1.0" encoding="utf-8"?>
<Project ToolsVersion="4.0" xmlns="http://schemas.microsoft.com/developer/msbuild/2003">
  <ItemGroup>
    <Filter Include="Header Files">
      <UniqueIdentifier>{f24b2d2a-5738-4b79-8e56-3c1660f67b94}</UniqueIdentifier>
    </Filter>
    <Filter Include="Source Files">
      <UniqueIdentifier>{5c827020-a844-461f-9a12-722126df7630}</UniqueIdentifier>
    </Filter>
  </ItemGroup>
</Project>