<?xml version="1.0" encoding="utf-8"?>
<Project ToolsVersion="4.0" xmlns="http://schemas.microsoft.com/developer/msbuild/2003">
  <ItemGroup>
    <Filter Include="Header Files">
      <UniqueIdentifier>{f24b2d2a-5738-4b79-8e56-3c1660f67b94}</UniqueIdentifier>
    </Filter>
    <Filter Include="Source Files">
      <UniqueIdentifier>{5c827020-a844-461f-9a12-722126df7630}</UniqueIdentifier>
    </Filter>
  </ItemGroup>
  <ItemGroup>
    <ClInclude Include="src\Core\Blockchain.h" />
    <ClInclude Include="include\ChainThings.h" />
    <ClInclude Include="include\CryptoTypes.h" />
    <ClInclude Include="src\Logging\spdlog\async_logger.h" />
    <ClInclude Include="src\Logging\spdlog\common.h" />
    <ClInclude Include="src\Logging\spdlog\details\async_logger_impl.h" />
    <ClInclude Include="src\Logging\spdlog\details\async_log_helper.h" />
    <ClInclude Include="src\Logging\spdlog\details\file_helper.h" />
    <ClInclude Include="src\Logging\spdlog\details\logger_impl.h" />
    <ClInclude Include="src\Logging\spdlog\details\log_msg.h" />
    <ClInclude Include="src\Logging\spdlog\details\mpmc_bounded_q.h" />
    <ClInclude Include="src\Logging\spdlog\details\null_mutex.h" />
    <ClInclude Include="src\Logging\spdlog\details\os.h" />
    <ClInclude Include="src\Logging\spdlog\details\pattern_formatter_impl.h" />
    <ClInclude Include="src\Logging\spdlog\details\registry.h" />
    <ClInclude Include="src\Logging\spdlog\details\spdlog_impl.h" />
    <ClInclude Include="src\Logging\spdlog\fmt\bundled\format.h" />
    <ClInclude Include="src\Logging\spdlog\fmt\bundled\ostream.h" />
    <ClInclude Include="src\Logging\spdlog\fmt\bundled\posix.h" />
    <ClInclude Include="src\Logging\spdlog\fmt\bundled\printf.h" />
    <ClInclude Include="src\Logging\spdlog\fmt\bundled\time.h" />
    <ClInclude Include="src\Logging\spdlog\fmt\fmt.h" />
    <ClInclude Include="src\Logging\spdlog\fmt\ostr.h" />
    <ClInclude Include="src\Logging\spdlog\formatter.h" />
    <ClInclude Include="src\Logging\spdlog\logger.h" />
    <ClInclude Include="src\Logging\spdlog\sinks\android_sink.h" />
    <ClInclude Include="src\Logging\spdlog\sinks\ansicolor_sink.h" />
    <ClInclude Include="src\Logging\spdlog\sinks\base_sink.h" />
    <ClInclude Include="src\Logging\spdlog\sinks\dist_sink.h" />
    <ClInclude Include="src\Logging\spdlog\sinks\file_sinks.h" />
    <ClInclude Include="src\Logging\spdlog\sinks\msvc_sink.h" />
    <ClInclude Include="src\Logging\spdlog\sinks\null_sink.h" />
    <ClInclude Include="src\Logging\spdlog\sinks\ostream_sink.h" />
    <ClInclude Include="src\Logging\spdlog\sinks\sink.h" />
    <ClInclude Include="src\Logging\spdlog\sinks\stdout_sinks.h" />
    <ClInclude Include="src\Logging\spdlog\sinks\syslog_sink.h" />
    <ClInclude Include="src\Logging\spdlog\sinks\wincolor_sink.h" />
    <ClInclude Include="src\Logging\spdlog\sinks\windebug_sink.h" />
    <ClInclude Include="src\Logging\spdlog\spdlog.h" />
    <ClInclude Include="src\Logging\spdlog\tweakme.h" />
    <ClInclude Include="src\Logging\logger.h" />
    <ClInclude Include="src\Core\block_container.h" />
    <ClInclude Include="include\ChainTypes.h" />
    <ClInclude Include="include\base58.h" />
  </ItemGroup>
  <ItemGroup>
    <ClCompile Include="src\Core\Blockchain.cpp" />
    <ClCompile Include="src\Logging\spdlog\fmt\bundled\format.cc" />
    <ClCompile Include="src\Logging\spdlog\fmt\bundled\ostream.cc" />
    <ClCompile Include="src\Logging\spdlog\fmt\bundled\posix.cc" />
    <ClCompile Include="src\Logging\spdlog\fmt\bundled\printf.cc" />
    <ClCompile Include="src\Logging\logger.cpp" />
    <ClCompile Include="src\Core\block_container.cpp" />
    <ClCompile Include="src\base58.cpp" />
    <ClCompile Include="src\ChainTypes.cpp" />
  </ItemGroup>
</Project>